
Microsoft Visual Studio Solution File, Format Version 12.00
# Visual Studio Version 17
VisualStudioVersion = 17.6.33815.320
MinimumVisualStudioVersion = 10.0.40219.1
Project("{FAE04EC0-301F-11D3-BF4B-00C04F79EFBC}") = "HelloWorldAttributes", "HelloWorldAttributes\HelloWorldAttributes.csproj", "{4E17B91B-36DF-4CF7-9E08-6C791A954B4D}"
EndProject
Global
	GlobalSection(SolutionConfigurationPlatforms) = preSolution
		Debug|Any CPU = Debug|Any CPU
		Release|Any CPU = Release|Any CPU
	EndGlobalSection
	GlobalSection(ProjectConfigurationPlatforms) = postSolution
		{4E17B91B-36DF-4CF7-9E08-6C791A954B4D}.Debug|Any CPU.ActiveCfg = Debug|Any CPU
		{4E17B91B-36DF-4CF7-9E08-6C791A954B4D}.Debug|Any CPU.Build.0 = Debug|Any CPU
		{4E17B91B-36DF-4CF7-9E08-6C791A954B4D}.Release|Any CPU.ActiveCfg = Release|Any CPU
		{4E17B91B-36DF-4CF7-9E08-6C791A954B4D}.Release|Any CPU.Build.0 = Release|Any CPU
	EndGlobalSection
	GlobalSection(SolutionProperties) = preSolution
		HideSolutionNode = FALSE
	EndGlobalSection
	GlobalSection(ExtensibilityGlobals) = postSolution
		SolutionGuid = {4CAE0F22-E6CA-4031-9C3F-B6B6A6AD72EE}
	EndGlobalSection
EndGlobal
